
Microsoft Visual Studio Solution File, Format Version 12.00
# Visual Studio 15
VisualStudioVersion = 15.0.28307.539
MinimumVisualStudioVersion = 10.0.40219.1
Project("{FAE04EC0-301F-11D3-BF4B-00C04F79EFBC}") = "Nanjing", "Nanjing\Nanjing.csproj", "{1E4D8017-A248-4EF5-B930-3CD12584DEF3}"
EndProject
Project("{FAE04EC0-301F-11D3-BF4B-00C04F79EFBC}") = "Domain", "Domain\Domain.csproj", "{7C360917-667D-4F9E-9FB5-01CB22210B08}"
EndProject
Project("{FAE04EC0-301F-11D3-BF4B-00C04F79EFBC}") = "BigController", "BigController\BigController.csproj", "{355FCBAA-D4E5-4C76-BF11-397A6CD8F8B7}"
EndProject
Global
	GlobalSection(SolutionConfigurationPlatforms) = preSolution
		Debug|Any CPU = Debug|Any CPU
		Release|Any CPU = Release|Any CPU
	EndGlobalSection
	GlobalSection(ProjectConfigurationPlatforms) = postSolution
		{1E4D8017-A248-4EF5-B930-3CD12584DEF3}.Debug|Any CPU.ActiveCfg = Debug|Any CPU
		{1E4D8017-A248-4EF5-B930-3CD12584DEF3}.Debug|Any CPU.Build.0 = Debug|Any CPU
		{1E4D8017-A248-4EF5-B930-3CD12584DEF3}.Release|Any CPU.ActiveCfg = Release|Any CPU
		{1E4D8017-A248-4EF5-B930-3CD12584DEF3}.Release|Any CPU.Build.0 = Release|Any CPU
		{7C360917-667D-4F9E-9FB5-01CB22210B08}.Debug|Any CPU.ActiveCfg = Debug|Any CPU
		{7C360917-667D-4F9E-9FB5-01CB22210B08}.Debug|Any CPU.Build.0 = Debug|Any CPU
		{7C360917-667D-4F9E-9FB5-01CB22210B08}.Release|Any CPU.ActiveCfg = Release|Any CPU
		{7C360917-667D-4F9E-9FB5-01CB22210B08}.Release|Any CPU.Build.0 = Release|Any CPU
		{355FCBAA-D4E5-4C76-BF11-397A6CD8F8B7}.Debug|Any CPU.ActiveCfg = Debug|Any CPU
		{355FCBAA-D4E5-4C76-BF11-397A6CD8F8B7}.Debug|Any CPU.Build.0 = Debug|Any CPU
		{355FCBAA-D4E5-4C76-BF11-397A6CD8F8B7}.Release|Any CPU.ActiveCfg = Release|Any CPU
		{355FCBAA-D4E5-4C76-BF11-397A6CD8F8B7}.Release|Any CPU.Build.0 = Release|Any CPU
	EndGlobalSection
	GlobalSection(SolutionProperties) = preSolution
		HideSolutionNode = FALSE
	EndGlobalSection
	GlobalSection(ExtensibilityGlobals) = postSolution
		SolutionGuid = {FFEA45E0-42F4-4D30-ABD3-40F4A21248FD}
	EndGlobalSection
EndGlobal
